{
  "version": 4,
  "terraform_version": "1.7.1",
  "serial": 373,
  "lineage": "468591d8-a8fb-ce85-40e0-7b934cf23948",
  "outputs": {
    "nsg_id": {
      "value": {
        "nsg_creation": {
          "app-subnet": {
            "id": "/subscriptions/5a0855b9-426d-429e-83a9-ea7c4796e9a4/resourceGroups/bicep_poc/providers/Microsoft.Network/networkSecurityGroups/app-nsg",
            "location": "westeurope",
            "name": "app-nsg",
            "resource_group_name": "bicep_poc",
            "security_rule": [],
            "tags": {},
            "timeouts": null
          },
          "db-subnet": {
            "id": "/subscriptions/5a0855b9-426d-429e-83a9-ea7c4796e9a4/resourceGroups/bicep_poc/providers/Microsoft.Network/networkSecurityGroups/db-nsg",
            "location": "westeurope",
            "name": "db-nsg",
            "resource_group_name": "bicep_poc",
            "security_rule": [],
            "tags": {},
            "timeouts": null
          }
        },
        "nsg_id": {
          "app-subnet": "/subscriptions/5a0855b9-426d-429e-83a9-ea7c4796e9a4/resourceGroups/bicep_poc/providers/Microsoft.Network/networkSecurityGroups/app-nsg",
          "db-subnet": "/subscriptions/5a0855b9-426d-429e-83a9-ea7c4796e9a4/resourceGroups/bicep_poc/providers/Microsoft.Network/networkSecurityGroups/db-nsg"
        }
      },
      "type": [
        "object",
        {
          "nsg_creation": [
            "object",
            {
              "app-subnet": [
                "object",
                {
                  "id": "string",
                  "location": "string",
                  "name": "string",
                  "resource_group_name": "string",
                  "security_rule": [
                    "set",
                    [
                      "object",
                      {
                        "access": "string",
                        "description": "string",
                        "destination_address_prefix": "string",
                        "destination_address_prefixes": [
                          "set",
                          "string"
                        ],
                        "destination_application_security_group_ids": [
                          "set",
                          "string"
                        ],
                        "destination_port_range": "string",
                        "destination_port_ranges": [
                          "set",
                          "string"
                        ],
                        "direction": "string",
                        "name": "string",
                        "priority": "number",
                        "protocol": "string",
                        "source_address_prefix": "string",
                        "source_address_prefixes": [
                          "set",
                          "string"
                        ],
                        "source_application_security_group_ids": [
                          "set",
                          "string"
                        ],
                        "source_port_range": "string",
                        "source_port_ranges": [
                          "set",
                          "string"
                        ]
                      }
                    ]
                  ],
                  "tags": [
                    "map",
                    "string"
                  ],
                  "timeouts": [
                    "object",
                    {
                      "create": "string",
                      "delete": "string",
                      "read": "string",
                      "update": "string"
                    }
                  ]
                }
              ],
              "db-subnet": [
                "object",
                {
                  "id": "string",
                  "location": "string",
                  "name": "string",
                  "resource_group_name": "string",
                  "security_rule": [
                    "set",
                    [
                      "object",
                      {
                        "access": "string",
                        "description": "string",
                        "destination_address_prefix": "string",
                        "destination_address_prefixes": [
                          "set",
                          "string"
                        ],
                        "destination_application_security_group_ids": [
                          "set",
                          "string"
                        ],
                        "destination_port_range": "string",
                        "destination_port_ranges": [
                          "set",
                          "string"
                        ],
                        "direction": "string",
                        "name": "string",
                        "priority": "number",
                        "protocol": "string",
                        "source_address_prefix": "string",
                        "source_address_prefixes": [
                          "set",
                          "string"
                        ],
                        "source_application_security_group_ids": [
                          "set",
                          "string"
                        ],
                        "source_port_range": "string",
                        "source_port_ranges": [
                          "set",
                          "string"
                        ]
                      }
                    ]
                  ],
                  "tags": [
                    "map",
                    "string"
                  ],
                  "timeouts": [
                    "object",
                    {
                      "create": "string",
                      "delete": "string",
                      "read": "string",
                      "update": "string"
                    }
                  ]
                }
              ]
            }
          ],
          "nsg_id": [
            "object",
            {
              "app-subnet": "string",
              "db-subnet": "string"
            }
          ]
        }
      ]
    },
    "subnet_id": {
      "value": {
        "app-subnet": "/subscriptions/5a0855b9-426d-429e-83a9-ea7c4796e9a4/resourceGroups/bicep_poc/providers/Microsoft.Network/virtualNetworks/vnet-tieto/subnets/app-subnet",
        "db-subnet": "/subscriptions/5a0855b9-426d-429e-83a9-ea7c4796e9a4/resourceGroups/bicep_poc/providers/Microsoft.Network/virtualNetworks/vnet-tieto/subnets/db-subnet"
      },
      "type": [
        "object",
        {
          "app-subnet": "string",
          "db-subnet": "string"
        }
      ]
    }
  },
  "resources": [
    {
      "module": "module.nsg_association",
      "mode": "data",
      "type": "azurerm_client_config",
      "name": "current",
      "provider": "provider[\"registry.terraform.io/hashicorp/azurerm\"]",
      "instances": [
        {
          "schema_version": 0,
          "attributes": {
            "client_id": "91cdfd0a-b7e6-405e-a391-aaae1071dff9",
            "id": "Y2xpZW50Q29uZmlncy9jbGllbnRJZD05MWNkZmQwYS1iN2U2LTQwNWUtYTM5MS1hYWFlMTA3MWRmZjk7b2JqZWN0SWQ9ZTg5MjQyZTgtMDI2MS00NGE1LTllYzItZDU4ZTI1NzYyZGExO3N1YnNjcmlwdGlvbklkPTVhMDg1NWI5LTQyNmQtNDI5ZS04M2E5LWVhN2M0Nzk2ZTlhNDt0ZW5hbnRJZD1iNDM3OWJhNi02ZDUzLTQ3ZmUtYjgxNC05MTAwNTdhOTJiMmI=",
            "object_id": "e89242e8-0261-44a5-9ec2-d58e25762da1",
            "subscription_id": "5a0855b9-426d-429e-83a9-ea7c4796e9a4",
            "tenant_id": "b4379ba6-6d53-47fe-b814-910057a92b2b",
            "timeouts": null
          },
          "sensitive_attributes": []
        }
      ]
    },
    {
      "module": "module.nsg_association",
      "mode": "data",
      "type": "azurerm_resource_group",
      "name": "current",
      "provider": "provider[\"registry.terraform.io/hashicorp/azurerm\"]",
      "instances": [
        {
          "schema_version": 0,
          "attributes": {
            "id": "/subscriptions/5a0855b9-426d-429e-83a9-ea7c4796e9a4/resourceGroups/bicep_poc",
            "location": "westeurope",
            "managed_by": "",
            "name": "bicep_poc",
            "tags": {
              "environment": "DEVELOPMENT",
              "guid": "5f19b3c2",
              "project number": "123456",
              "serviceprovider": "tei"
            },
            "timeouts": null
          },
          "sensitive_attributes": []
        }
      ]
    },
    {
      "module": "module.nsg_association",
      "mode": "managed",
      "type": "azurerm_network_security_group",
      "name": "nsgcreation",
      "provider": "provider[\"registry.terraform.io/hashicorp/azurerm\"]",
      "instances": [
        {
          "index_key": "app-subnet",
          "schema_version": 0,
          "attributes": {
            "id": "/subscriptions/5a0855b9-426d-429e-83a9-ea7c4796e9a4/resourceGroups/bicep_poc/providers/Microsoft.Network/networkSecurityGroups/app-nsg",
            "location": "westeurope",
            "name": "app-nsg",
            "resource_group_name": "bicep_poc",
            "security_rule": [],
            "tags": {
              "Environment": "DEVELOPMENT"
            },
            "timeouts": null
          },
          "sensitive_attributes": [],
          "private": "eyJlMmJmYjczMC1lY2FhLTExZTYtOGY4OC0zNDM2M2JjN2M0YzAiOnsiY3JlYXRlIjoxODAwMDAwMDAwMDAwLCJkZWxldGUiOjE4MDAwMDAwMDAwMDAsInJlYWQiOjMwMDAwMDAwMDAwMCwidXBkYXRlIjoxODAwMDAwMDAwMDAwfX0=",
          "dependencies": [
            "module.nsg_association.data.azurerm_resource_group.current"
          ]
        },
        {
          "index_key": "db-subnet",
          "schema_version": 0,
          "attributes": {
            "id": "/subscriptions/5a0855b9-426d-429e-83a9-ea7c4796e9a4/resourceGroups/bicep_poc/providers/Microsoft.Network/networkSecurityGroups/db-nsg",
            "location": "westeurope",
            "name": "db-nsg",
            "resource_group_name": "bicep_poc",
            "security_rule": [],
            "tags": {
              "Environment": "DEVELOPMENT"
            },
            "timeouts": null
          },
          "sensitive_attributes": [],
          "private": "eyJlMmJmYjczMC1lY2FhLTExZTYtOGY4OC0zNDM2M2JjN2M0YzAiOnsiY3JlYXRlIjoxODAwMDAwMDAwMDAwLCJkZWxldGUiOjE4MDAwMDAwMDAwMDAsInJlYWQiOjMwMDAwMDAwMDAwMCwidXBkYXRlIjoxODAwMDAwMDAwMDAwfX0=",
          "dependencies": [
            "module.nsg_association.data.azurerm_resource_group.current"
          ]
        }
      ]
    },
    {
      "module": "module.nsg_creation",
      "mode": "data",
      "type": "azurerm_client_config",
      "name": "current",
      "provider": "provider[\"registry.terraform.io/hashicorp/azurerm\"]",
      "instances": [
        {
          "schema_version": 0,
          "attributes": {
            "client_id": "91cdfd0a-b7e6-405e-a391-aaae1071dff9",
            "id": "Y2xpZW50Q29uZmlncy9jbGllbnRJZD05MWNkZmQwYS1iN2U2LTQwNWUtYTM5MS1hYWFlMTA3MWRmZjk7b2JqZWN0SWQ9ZTg5MjQyZTgtMDI2MS00NGE1LTllYzItZDU4ZTI1NzYyZGExO3N1YnNjcmlwdGlvbklkPTVhMDg1NWI5LTQyNmQtNDI5ZS04M2E5LWVhN2M0Nzk2ZTlhNDt0ZW5hbnRJZD1iNDM3OWJhNi02ZDUzLTQ3ZmUtYjgxNC05MTAwNTdhOTJiMmI=",
            "object_id": "e89242e8-0261-44a5-9ec2-d58e25762da1",
            "subscription_id": "5a0855b9-426d-429e-83a9-ea7c4796e9a4",
            "tenant_id": "b4379ba6-6d53-47fe-b814-910057a92b2b",
            "timeouts": null
          },
          "sensitive_attributes": []
        }
      ]
    },
    {
      "module": "module.nsg_creation",
      "mode": "data",
      "type": "azurerm_resource_group",
      "name": "current",
      "provider": "provider[\"registry.terraform.io/hashicorp/azurerm\"]",
      "instances": [
        {
          "schema_version": 0,
          "attributes": {
            "id": "/subscriptions/5a0855b9-426d-429e-83a9-ea7c4796e9a4/resourceGroups/bicep_poc",
            "location": "westeurope",
            "managed_by": "",
            "name": "bicep_poc",
            "tags": {
              "environment": "DEVELOPMENT",
              "guid": "5f19b3c2",
              "project number": "123456",
              "serviceprovider": "tei"
            },
            "timeouts": null
          },
          "sensitive_attributes": []
        }
      ]
    },
    {
      "module": "module.nsg_creation",
      "mode": "managed",
      "type": "azurerm_network_security_group",
      "name": "nsgcreation",
      "provider": "provider[\"registry.terraform.io/hashicorp/azurerm\"]",
      "instances": [
        {
          "index_key": "app-subnet",
          "schema_version": 0,
          "attributes": {
            "id": "/subscriptions/5a0855b9-426d-429e-83a9-ea7c4796e9a4/resourceGroups/bicep_poc/providers/Microsoft.Network/networkSecurityGroups/app-nsg",
            "location": "westeurope",
            "name": "app-nsg",
            "resource_group_name": "bicep_poc",
            "security_rule": [],
            "tags": {
              "Environment": "DEVELOPMENT"
            },
            "timeouts": null
          },
          "sensitive_attributes": [],
          "private": "eyJlMmJmYjczMC1lY2FhLTExZTYtOGY4OC0zNDM2M2JjN2M0YzAiOnsiY3JlYXRlIjoxODAwMDAwMDAwMDAwLCJkZWxldGUiOjE4MDAwMDAwMDAwMDAsInJlYWQiOjMwMDAwMDAwMDAwMCwidXBkYXRlIjoxODAwMDAwMDAwMDAwfX0=",
          "dependencies": [
            "module.nsg_creation.data.azurerm_resource_group.current"
          ]
        },
        {
          "index_key": "db-subnet",
          "schema_version": 0,
          "attributes": {
            "id": "/subscriptions/5a0855b9-426d-429e-83a9-ea7c4796e9a4/resourceGroups/bicep_poc/providers/Microsoft.Network/networkSecurityGroups/db-nsg",
            "location": "westeurope",
            "name": "db-nsg",
            "resource_group_name": "bicep_poc",
            "security_rule": [],
            "tags": {
              "Environment": "DEVELOPMENT"
            },
            "timeouts": null
          },
          "sensitive_attributes": [],
          "private": "eyJlMmJmYjczMC1lY2FhLTExZTYtOGY4OC0zNDM2M2JjN2M0YzAiOnsiY3JlYXRlIjoxODAwMDAwMDAwMDAwLCJkZWxldGUiOjE4MDAwMDAwMDAwMDAsInJlYWQiOjMwMDAwMDAwMDAwMCwidXBkYXRlIjoxODAwMDAwMDAwMDAwfX0=",
          "dependencies": [
            "module.nsg_creation.data.azurerm_resource_group.current"
          ]
        }
      ]
    },
    {
      "module": "module.nsg_creation",
      "mode": "managed",
      "type": "azurerm_subnet_network_security_group_association",
      "name": "associate",
      "provider": "provider[\"registry.terraform.io/hashicorp/azurerm\"]",
      "instances": [
        {
          "index_key": "app-subnet",
          "schema_version": 0,
          "attributes": {
            "id": "/subscriptions/5a0855b9-426d-429e-83a9-ea7c4796e9a4/resourceGroups/bicep_poc/providers/Microsoft.Network/virtualNetworks/vnet-tieto/subnets/app-subnet",
            "network_security_group_id": "/subscriptions/5a0855b9-426d-429e-83a9-ea7c4796e9a4/resourceGroups/bicep_poc/providers/Microsoft.Network/networkSecurityGroups/app-nsg",
            "subnet_id": "/subscriptions/5a0855b9-426d-429e-83a9-ea7c4796e9a4/resourceGroups/bicep_poc/providers/Microsoft.Network/virtualNetworks/vnet-tieto/subnets/app-subnet",
            "timeouts": null
          },
          "sensitive_attributes": [],
          "private": "eyJlMmJmYjczMC1lY2FhLTExZTYtOGY4OC0zNDM2M2JjN2M0YzAiOnsiY3JlYXRlIjoxODAwMDAwMDAwMDAwLCJkZWxldGUiOjE4MDAwMDAwMDAwMDAsInJlYWQiOjMwMDAwMDAwMDAwMH19",
          "dependencies": [
            "module.nsg_creation.azurerm_network_security_group.nsgcreation",
            "module.nsg_creation.data.azurerm_resource_group.current",
            "module.vnet_subnet.azurerm_network_ddos_protection_plan.ddos",
            "module.vnet_subnet.azurerm_subnet.subnet",
            "module.vnet_subnet.azurerm_virtual_network.vnet",
            "module.vnet_subnet.data.azurerm_resource_group.current"
          ]
        },
        {
          "index_key": "db-subnet",
          "schema_version": 0,
          "attributes": {
            "id": "/subscriptions/5a0855b9-426d-429e-83a9-ea7c4796e9a4/resourceGroups/bicep_poc/providers/Microsoft.Network/virtualNetworks/vnet-tieto/subnets/db-subnet",
            "network_security_group_id": "/subscriptions/5a0855b9-426d-429e-83a9-ea7c4796e9a4/resourceGroups/bicep_poc/providers/Microsoft.Network/networkSecurityGroups/db-nsg",
            "subnet_id": "/subscriptions/5a0855b9-426d-429e-83a9-ea7c4796e9a4/resourceGroups/bicep_poc/providers/Microsoft.Network/virtualNetworks/vnet-tieto/subnets/db-subnet",
            "timeouts": null
          },
          "sensitive_attributes": [],
          "private": "eyJlMmJmYjczMC1lY2FhLTExZTYtOGY4OC0zNDM2M2JjN2M0YzAiOnsiY3JlYXRlIjoxODAwMDAwMDAwMDAwLCJkZWxldGUiOjE4MDAwMDAwMDAwMDAsInJlYWQiOjMwMDAwMDAwMDAwMH19",
          "dependencies": [
            "module.nsg_creation.azurerm_network_security_group.nsgcreation",
            "module.nsg_creation.data.azurerm_resource_group.current",
            "module.vnet_subnet.azurerm_network_ddos_protection_plan.ddos",
            "module.vnet_subnet.azurerm_subnet.subnet",
            "module.vnet_subnet.azurerm_virtual_network.vnet",
            "module.vnet_subnet.data.azurerm_resource_group.current"
          ]
        }
      ]
    },
    {
      "module": "module.nsgrules",
      "mode": "data",
      "type": "azurerm_client_config",
      "name": "current",
      "provider": "provider[\"registry.terraform.io/hashicorp/azurerm\"]",
      "instances": [
        {
          "schema_version": 0,
          "attributes": {
            "client_id": "91cdfd0a-b7e6-405e-a391-aaae1071dff9",
            "id": "Y2xpZW50Q29uZmlncy9jbGllbnRJZD05MWNkZmQwYS1iN2U2LTQwNWUtYTM5MS1hYWFlMTA3MWRmZjk7b2JqZWN0SWQ9ZTg5MjQyZTgtMDI2MS00NGE1LTllYzItZDU4ZTI1NzYyZGExO3N1YnNjcmlwdGlvbklkPTVhMDg1NWI5LTQyNmQtNDI5ZS04M2E5LWVhN2M0Nzk2ZTlhNDt0ZW5hbnRJZD1iNDM3OWJhNi02ZDUzLTQ3ZmUtYjgxNC05MTAwNTdhOTJiMmI=",
            "object_id": "e89242e8-0261-44a5-9ec2-d58e25762da1",
            "subscription_id": "5a0855b9-426d-429e-83a9-ea7c4796e9a4",
            "tenant_id": "b4379ba6-6d53-47fe-b814-910057a92b2b",
            "timeouts": null
          },
          "sensitive_attributes": []
        }
      ]
    },
    {
      "module": "module.nsgrules",
      "mode": "data",
      "type": "azurerm_resource_group",
      "name": "current",
      "provider": "provider[\"registry.terraform.io/hashicorp/azurerm\"]",
      "instances": [
        {
          "schema_version": 0,
          "attributes": {
            "id": "/subscriptions/5a0855b9-426d-429e-83a9-ea7c4796e9a4/resourceGroups/bicep_poc",
            "location": "westeurope",
            "managed_by": "",
            "name": "bicep_poc",
            "tags": {
              "environment": "DEVELOPMENT",
              "guid": "5f19b3c2",
              "project number": "123456",
              "serviceprovider": "tei"
            },
            "timeouts": null
          },
          "sensitive_attributes": []
        }
      ]
    },
    {
      "module": "module.nsgrules",
      "mode": "managed",
      "type": "azurerm_network_security_group",
      "name": "nsgcreation",
      "provider": "provider[\"registry.terraform.io/hashicorp/azurerm\"]",
      "instances": [
        {
          "index_key": "app-subnet",
          "schema_version": 0,
          "attributes": {
            "id": "/subscriptions/5a0855b9-426d-429e-83a9-ea7c4796e9a4/resourceGroups/bicep_poc/providers/Microsoft.Network/networkSecurityGroups/app-nsg",
            "location": "westeurope",
            "name": "app-nsg",
            "resource_group_name": "bicep_poc",
            "security_rule": [],
            "tags": {
              "Environment": "DEVELOPMENT"
            },
            "timeouts": null
          },
          "sensitive_attributes": [],
          "private": "eyJlMmJmYjczMC1lY2FhLTExZTYtOGY4OC0zNDM2M2JjN2M0YzAiOnsiY3JlYXRlIjoxODAwMDAwMDAwMDAwLCJkZWxldGUiOjE4MDAwMDAwMDAwMDAsInJlYWQiOjMwMDAwMDAwMDAwMCwidXBkYXRlIjoxODAwMDAwMDAwMDAwfX0=",
          "dependencies": [
            "module.nsgrules.data.azurerm_resource_group.current"
          ]
        }
      ]
    },
    {
      "module": "module.vnet_subnet",
      "mode": "data",
      "type": "azurerm_client_config",
      "name": "current",
      "provider": "provider[\"registry.terraform.io/hashicorp/azurerm\"]",
      "instances": [
        {
          "schema_version": 0,
          "attributes": {
            "client_id": "91cdfd0a-b7e6-405e-a391-aaae1071dff9",
            "id": "Y2xpZW50Q29uZmlncy9jbGllbnRJZD05MWNkZmQwYS1iN2U2LTQwNWUtYTM5MS1hYWFlMTA3MWRmZjk7b2JqZWN0SWQ9ZTg5MjQyZTgtMDI2MS00NGE1LTllYzItZDU4ZTI1NzYyZGExO3N1YnNjcmlwdGlvbklkPTVhMDg1NWI5LTQyNmQtNDI5ZS04M2E5LWVhN2M0Nzk2ZTlhNDt0ZW5hbnRJZD1iNDM3OWJhNi02ZDUzLTQ3ZmUtYjgxNC05MTAwNTdhOTJiMmI=",
            "object_id": "e89242e8-0261-44a5-9ec2-d58e25762da1",
            "subscription_id": "5a0855b9-426d-429e-83a9-ea7c4796e9a4",
            "tenant_id": "b4379ba6-6d53-47fe-b814-910057a92b2b",
            "timeouts": null
          },
          "sensitive_attributes": []
        }
      ]
    },
    {
      "module": "module.vnet_subnet",
      "mode": "data",
      "type": "azurerm_resource_group",
      "name": "current",
      "provider": "provider[\"registry.terraform.io/hashicorp/azurerm\"]",
      "instances": [
        {
          "schema_version": 0,
          "attributes": {
            "id": "/subscriptions/5a0855b9-426d-429e-83a9-ea7c4796e9a4/resourceGroups/bicep_poc",
            "location": "westeurope",
            "managed_by": "",
            "name": "bicep_poc",
            "tags": {
              "environment": "DEVELOPMENT",
              "guid": "5f19b3c2",
              "project number": "123456",
              "serviceprovider": "tei"
            },
            "timeouts": null
          },
          "sensitive_attributes": []
        }
      ]
    },
    {
      "module": "module.vnet_subnet",
      "mode": "managed",
      "type": "azurerm_network_ddos_protection_plan",
      "name": "ddos",
      "provider": "provider[\"registry.terraform.io/hashicorp/azurerm\"]",
      "instances": []
    },
    {
      "module": "module.vnet_subnet",
      "mode": "managed",
      "type": "azurerm_network_security_group",
      "name": "nsg",
      "provider": "provider[\"registry.terraform.io/hashicorp/azurerm\"]",
      "instances": [
        {
          "index_key": "app-subnet",
          "schema_version": 0,
          "attributes": {
            "id": "/subscriptions/5a0855b9-426d-429e-83a9-ea7c4796e9a4/resourceGroups/bicep_poc/providers/Microsoft.Network/networkSecurityGroups/nsg-app-subnet",
            "location": "westeurope",
            "name": "nsg-app-subnet",
            "resource_group_name": "bicep_poc",
            "security_rule": [],
            "tags": {
              "Environment": "DEVELOPMENT"
            },
            "timeouts": null
          },
          "sensitive_attributes": [],
          "private": "eyJlMmJmYjczMC1lY2FhLTExZTYtOGY4OC0zNDM2M2JjN2M0YzAiOnsiY3JlYXRlIjoxODAwMDAwMDAwMDAwLCJkZWxldGUiOjE4MDAwMDAwMDAwMDAsInJlYWQiOjMwMDAwMDAwMDAwMCwidXBkYXRlIjoxODAwMDAwMDAwMDAwfX0=",
          "dependencies": [
            "module.vnet_subnet.data.azurerm_resource_group.current"
          ]
        },
        {
          "index_key": "db-subnet",
          "schema_version": 0,
          "attributes": {
            "id": "/subscriptions/5a0855b9-426d-429e-83a9-ea7c4796e9a4/resourceGroups/bicep_poc/providers/Microsoft.Network/networkSecurityGroups/nsg-db-subnet",
            "location": "westeurope",
            "name": "nsg-db-subnet",
            "resource_group_name": "bicep_poc",
            "security_rule": [],
            "tags": {
              "Environment": "DEVELOPMENT"
            },
            "timeouts": null
          },
          "sensitive_attributes": [],
          "private": "eyJlMmJmYjczMC1lY2FhLTExZTYtOGY4OC0zNDM2M2JjN2M0YzAiOnsiY3JlYXRlIjoxODAwMDAwMDAwMDAwLCJkZWxldGUiOjE4MDAwMDAwMDAwMDAsInJlYWQiOjMwMDAwMDAwMDAwMCwidXBkYXRlIjoxODAwMDAwMDAwMDAwfX0=",
          "dependencies": [
            "module.vnet_subnet.data.azurerm_resource_group.current"
          ]
        }
      ]
    },
    {
      "module": "module.vnet_subnet",
      "mode": "managed",
      "type": "azurerm_route_table",
      "name": "rt",
      "provider": "provider[\"registry.terraform.io/hashicorp/azurerm\"]",
      "instances": [
        {
          "index_key": "app-subnet",
          "schema_version": 0,
          "attributes": {
            "disable_bgp_route_propagation": false,
            "id": "/subscriptions/5a0855b9-426d-429e-83a9-ea7c4796e9a4/resourceGroups/bicep_poc/providers/Microsoft.Network/routeTables/rt-app-subnet",
            "location": "westeurope",
            "name": "rt-app-subnet",
            "resource_group_name": "bicep_poc",
            "route": [],
            "subnets": [
              "/subscriptions/5a0855b9-426d-429e-83a9-ea7c4796e9a4/resourceGroups/bicep_poc/providers/Microsoft.Network/virtualNetworks/vnet-tieto/subnets/app-subnet"
            ],
            "tags": {
              "Environment": "DEVELOPMENT"
            },
            "timeouts": null
          },
          "sensitive_attributes": [],
          "private": "eyJlMmJmYjczMC1lY2FhLTExZTYtOGY4OC0zNDM2M2JjN2M0YzAiOnsiY3JlYXRlIjoxODAwMDAwMDAwMDAwLCJkZWxldGUiOjE4MDAwMDAwMDAwMDAsInJlYWQiOjMwMDAwMDAwMDAwMCwidXBkYXRlIjoxODAwMDAwMDAwMDAwfX0=",
          "dependencies": [
            "module.vnet_subnet.data.azurerm_resource_group.current"
          ]
        },
        {
          "index_key": "db-subnet",
          "schema_version": 0,
          "attributes": {
            "disable_bgp_route_propagation": false,
            "id": "/subscriptions/5a0855b9-426d-429e-83a9-ea7c4796e9a4/resourceGroups/bicep_poc/providers/Microsoft.Network/routeTables/rt-db-subnet",
            "location": "westeurope",
            "name": "rt-db-subnet",
            "resource_group_name": "bicep_poc",
            "route": [],
            "subnets": [
              "/subscriptions/5a0855b9-426d-429e-83a9-ea7c4796e9a4/resourceGroups/bicep_poc/providers/Microsoft.Network/virtualNetworks/vnet-tieto/subnets/db-subnet"
            ],
            "tags": {
              "Environment": "DEVELOPMENT"
            },
            "timeouts": null
          },
          "sensitive_attributes": [],
          "private": "eyJlMmJmYjczMC1lY2FhLTExZTYtOGY4OC0zNDM2M2JjN2M0YzAiOnsiY3JlYXRlIjoxODAwMDAwMDAwMDAwLCJkZWxldGUiOjE4MDAwMDAwMDAwMDAsInJlYWQiOjMwMDAwMDAwMDAwMCwidXBkYXRlIjoxODAwMDAwMDAwMDAwfX0=",
          "dependencies": [
            "module.vnet_subnet.data.azurerm_resource_group.current"
          ]
        }
      ]
    },
    {
      "module": "module.vnet_subnet",
      "mode": "managed",
      "type": "azurerm_subnet",
      "name": "subnet",
      "provider": "provider[\"registry.terraform.io/hashicorp/azurerm\"]",
      "instances": [
        {
          "index_key": "app-subnet",
          "schema_version": 0,
          "attributes": {
            "address_prefixes": [
              "10.0.1.0/24"
            ],
            "delegation": [],
            "enforce_private_link_endpoint_network_policies": true,
            "enforce_private_link_service_network_policies": true,
            "id": "/subscriptions/5a0855b9-426d-429e-83a9-ea7c4796e9a4/resourceGroups/bicep_poc/providers/Microsoft.Network/virtualNetworks/vnet-tieto/subnets/app-subnet",
            "name": "app-subnet",
            "private_endpoint_network_policies_enabled": false,
            "private_link_service_network_policies_enabled": false,
            "resource_group_name": "bicep_poc",
            "service_endpoint_policy_ids": [],
            "service_endpoints": [
              "Microsoft.Storage"
            ],
            "timeouts": null,
            "virtual_network_name": "vnet-tieto"
          },
          "sensitive_attributes": [],
          "private": "eyJlMmJmYjczMC1lY2FhLTExZTYtOGY4OC0zNDM2M2JjN2M0YzAiOnsiY3JlYXRlIjoxODAwMDAwMDAwMDAwLCJkZWxldGUiOjE4MDAwMDAwMDAwMDAsInJlYWQiOjMwMDAwMDAwMDAwMCwidXBkYXRlIjoxODAwMDAwMDAwMDAwfX0=",
          "dependencies": [
            "module.vnet_subnet.azurerm_network_ddos_protection_plan.ddos",
            "module.vnet_subnet.azurerm_virtual_network.vnet",
            "module.vnet_subnet.data.azurerm_resource_group.current"
          ]
        },
        {
          "index_key": "db-subnet",
          "schema_version": 0,
          "attributes": {
            "address_prefixes": [
              "10.0.2.0/24"
            ],
            "delegation": [],
            "enforce_private_link_endpoint_network_policies": true,
            "enforce_private_link_service_network_policies": true,
            "id": "/subscriptions/5a0855b9-426d-429e-83a9-ea7c4796e9a4/resourceGroups/bicep_poc/providers/Microsoft.Network/virtualNetworks/vnet-tieto/subnets/db-subnet",
            "name": "db-subnet",
            "private_endpoint_network_policies_enabled": false,
            "private_link_service_network_policies_enabled": false,
            "resource_group_name": "bicep_poc",
            "service_endpoint_policy_ids": [],
            "service_endpoints": [
              "Microsoft.Sql"
            ],
            "timeouts": null,
            "virtual_network_name": "vnet-tieto"
          },
          "sensitive_attributes": [],
          "private": "eyJlMmJmYjczMC1lY2FhLTExZTYtOGY4OC0zNDM2M2JjN2M0YzAiOnsiY3JlYXRlIjoxODAwMDAwMDAwMDAwLCJkZWxldGUiOjE4MDAwMDAwMDAwMDAsInJlYWQiOjMwMDAwMDAwMDAwMCwidXBkYXRlIjoxODAwMDAwMDAwMDAwfX0=",
          "dependencies": [
            "module.vnet_subnet.azurerm_network_ddos_protection_plan.ddos",
            "module.vnet_subnet.azurerm_virtual_network.vnet",
            "module.vnet_subnet.data.azurerm_resource_group.current"
          ]
        }
      ]
    },
    {
      "module": "module.vnet_subnet",
      "mode": "managed",
      "type": "azurerm_subnet_route_table_association",
      "name": "rt",
      "provider": "provider[\"registry.terraform.io/hashicorp/azurerm\"]",
      "instances": [
        {
          "index_key": "app-subnet",
          "schema_version": 0,
          "attributes": {
            "id": "/subscriptions/5a0855b9-426d-429e-83a9-ea7c4796e9a4/resourceGroups/bicep_poc/providers/Microsoft.Network/virtualNetworks/vnet-tieto/subnets/app-subnet",
            "route_table_id": "/subscriptions/5a0855b9-426d-429e-83a9-ea7c4796e9a4/resourceGroups/bicep_poc/providers/Microsoft.Network/routeTables/rt-app-subnet",
            "subnet_id": "/subscriptions/5a0855b9-426d-429e-83a9-ea7c4796e9a4/resourceGroups/bicep_poc/providers/Microsoft.Network/virtualNetworks/vnet-tieto/subnets/app-subnet",
            "timeouts": null
          },
          "sensitive_attributes": [],
          "private": "eyJlMmJmYjczMC1lY2FhLTExZTYtOGY4OC0zNDM2M2JjN2M0YzAiOnsiY3JlYXRlIjoxODAwMDAwMDAwMDAwLCJkZWxldGUiOjE4MDAwMDAwMDAwMDAsInJlYWQiOjMwMDAwMDAwMDAwMH19",
          "dependencies": [
            "module.vnet_subnet.azurerm_network_ddos_protection_plan.ddos",
            "module.vnet_subnet.azurerm_route_table.rt",
            "module.vnet_subnet.azurerm_subnet.subnet",
            "module.vnet_subnet.azurerm_virtual_network.vnet",
            "module.vnet_subnet.data.azurerm_resource_group.current"
          ]
        },
        {
          "index_key": "db-subnet",
          "schema_version": 0,
          "attributes": {
            "id": "/subscriptions/5a0855b9-426d-429e-83a9-ea7c4796e9a4/resourceGroups/bicep_poc/providers/Microsoft.Network/virtualNetworks/vnet-tieto/subnets/db-subnet",
            "route_table_id": "/subscriptions/5a0855b9-426d-429e-83a9-ea7c4796e9a4/resourceGroups/bicep_poc/providers/Microsoft.Network/routeTables/rt-db-subnet",
            "subnet_id": "/subscriptions/5a0855b9-426d-429e-83a9-ea7c4796e9a4/resourceGroups/bicep_poc/providers/Microsoft.Network/virtualNetworks/vnet-tieto/subnets/db-subnet",
            "timeouts": null
          },
          "sensitive_attributes": [],
          "private": "eyJlMmJmYjczMC1lY2FhLTExZTYtOGY4OC0zNDM2M2JjN2M0YzAiOnsiY3JlYXRlIjoxODAwMDAwMDAwMDAwLCJkZWxldGUiOjE4MDAwMDAwMDAwMDAsInJlYWQiOjMwMDAwMDAwMDAwMH19",
          "dependencies": [
            "module.vnet_subnet.azurerm_network_ddos_protection_plan.ddos",
            "module.vnet_subnet.azurerm_route_table.rt",
            "module.vnet_subnet.azurerm_subnet.subnet",
            "module.vnet_subnet.azurerm_virtual_network.vnet",
            "module.vnet_subnet.data.azurerm_resource_group.current"
          ]
        }
      ]
    },
    {
      "module": "module.vnet_subnet",
      "mode": "managed",
      "type": "azurerm_virtual_network",
      "name": "vnet",
      "provider": "provider[\"registry.terraform.io/hashicorp/azurerm\"]",
      "instances": [
        {
          "schema_version": 0,
          "attributes": {
            "address_space": [
              "10.0.0.0/16"
            ],
            "bgp_community": "",
            "ddos_protection_plan": [],
            "dns_servers": [],
            "edge_zone": "",
            "encryption": [],
            "flow_timeout_in_minutes": 0,
            "guid": "491b8b32-4290-4e46-8034-ba56a4e78951",
            "id": "/subscriptions/5a0855b9-426d-429e-83a9-ea7c4796e9a4/resourceGroups/bicep_poc/providers/Microsoft.Network/virtualNetworks/vnet-tieto",
            "location": "westeurope",
            "name": "vnet-tieto",
            "resource_group_name": "bicep_poc",
            "subnet": [
              {
                "address_prefix": "10.0.1.0/24",
                "id": "/subscriptions/5a0855b9-426d-429e-83a9-ea7c4796e9a4/resourceGroups/bicep_poc/providers/Microsoft.Network/virtualNetworks/vnet-tieto/subnets/app-subnet",
                "name": "app-subnet",
                "security_group": "/subscriptions/5a0855b9-426d-429e-83a9-ea7c4796e9a4/resourceGroups/bicep_poc/providers/Microsoft.Network/networkSecurityGroups/app-nsg"
              },
              {
                "address_prefix": "10.0.2.0/24",
                "id": "/subscriptions/5a0855b9-426d-429e-83a9-ea7c4796e9a4/resourceGroups/bicep_poc/providers/Microsoft.Network/virtualNetworks/vnet-tieto/subnets/db-subnet",
                "name": "db-subnet",
                "security_group": "/subscriptions/5a0855b9-426d-429e-83a9-ea7c4796e9a4/resourceGroups/bicep_poc/providers/Microsoft.Network/networkSecurityGroups/db-nsg"
              }
            ],
            "tags": {
              "Environment": "DEVELOPMENT"
            },
            "timeouts": null
          },
          "sensitive_attributes": [],
          "private": "eyJlMmJmYjczMC1lY2FhLTExZTYtOGY4OC0zNDM2M2JjN2M0YzAiOnsiY3JlYXRlIjoxODAwMDAwMDAwMDAwLCJkZWxldGUiOjE4MDAwMDAwMDAwMDAsInJlYWQiOjMwMDAwMDAwMDAwMCwidXBkYXRlIjoxODAwMDAwMDAwMDAwfX0=",
          "dependencies": [
            "module.vnet_subnet.azurerm_network_ddos_protection_plan.ddos",
            "module.vnet_subnet.data.azurerm_resource_group.current"
          ]
        }
      ]
    }
  ],
  "check_results": null
}
