{
  "version": 4,
  "terraform_version": "1.7.1",
  "serial": 233,
  "lineage": "468591d8-a8fb-ce85-40e0-7b934cf23948",
  "outputs": {},
  "resources": [
    {
      "module": "module.nsg_association",
      "mode": "managed",
      "type": "azurerm_network_security_group",
      "name": "nsgcreation",
      "provider": "provider[\"registry.terraform.io/hashicorp/azurerm\"]",
      "instances": [
        {
          "index_key": "app-subnet",
          "schema_version": 0,
          "attributes": {
            "id": "/subscriptions/5a0855b9-426d-429e-83a9-ea7c4796e9a4/resourceGroups/bicep_poc/providers/Microsoft.Network/networkSecurityGroups/app-nsg",
            "location": "westeurope",
            "name": "app-nsg",
            "resource_group_name": "bicep_poc",
            "security_rule": [],
            "tags": {
              "Environment": "DEVELOPMENT"
            },
            "timeouts": null
          },
          "sensitive_attributes": [],
          "private": "eyJlMmJmYjczMC1lY2FhLTExZTYtOGY4OC0zNDM2M2JjN2M0YzAiOnsiY3JlYXRlIjoxODAwMDAwMDAwMDAwLCJkZWxldGUiOjE4MDAwMDAwMDAwMDAsInJlYWQiOjMwMDAwMDAwMDAwMCwidXBkYXRlIjoxODAwMDAwMDAwMDAwfX0=",
          "dependencies": [
            "module.nsg_association.data.azurerm_resource_group.current"
          ]
        },
        {
          "index_key": "db-subnet",
          "schema_version": 0,
          "attributes": {
            "id": "/subscriptions/5a0855b9-426d-429e-83a9-ea7c4796e9a4/resourceGroups/bicep_poc/providers/Microsoft.Network/networkSecurityGroups/db-nsg",
            "location": "westeurope",
            "name": "db-nsg",
            "resource_group_name": "bicep_poc",
            "security_rule": [],
            "tags": {
              "Environment": "DEVELOPMENT"
            },
            "timeouts": null
          },
          "sensitive_attributes": [],
          "private": "eyJlMmJmYjczMC1lY2FhLTExZTYtOGY4OC0zNDM2M2JjN2M0YzAiOnsiY3JlYXRlIjoxODAwMDAwMDAwMDAwLCJkZWxldGUiOjE4MDAwMDAwMDAwMDAsInJlYWQiOjMwMDAwMDAwMDAwMCwidXBkYXRlIjoxODAwMDAwMDAwMDAwfX0=",
          "dependencies": [
            "module.nsg_association.data.azurerm_resource_group.current"
          ]
        }
      ]
    },
    {
      "module": "module.vnet_subnet",
      "mode": "managed",
      "type": "azurerm_network_ddos_protection_plan",
      "name": "ddos",
      "provider": "provider[\"registry.terraform.io/hashicorp/azurerm\"]",
      "instances": []
    }
  ],
  "check_results": null
}
